
Microsoft Visual Studio Solution File, Format Version 12.00
# Visual Studio Version 16
VisualStudioVersion = 16.0.30011.22
MinimumVisualStudioVersion = 10.0.40219.1
Project("{FAE04EC0-301F-11D3-BF4B-00C04F79EFBC}") = "SimulatedDevice.UWP", "SimulatedDevice.UWP\SimulatedDevice.UWP.csproj", "{14BF1AC5-58C8-4F8A-97CA-EB36E6728520}"
EndProject
Project("{FAE04EC0-301F-11D3-BF4B-00C04F79EFBC}") = "SimulatedDevice.Android", "SimulatedDevice.Android\SimulatedDevice.Android.csproj", "{1D677D45-814C-4E0F-836F-3BF6D979774C}"
EndProject
Project("{FAE04EC0-301F-11D3-BF4B-00C04F79EFBC}") = "SimulatedDevice.iOS", "SimulatedDevice.iOS\SimulatedDevice.iOS.csproj", "{983003D1-4F56-4F12-A9DD-54FDB346FDF6}"
EndProject
Project("{FAE04EC0-301F-11D3-BF4B-00C04F79EFBC}") = "SimulatedDevice", "SimulatedDevice\SimulatedDevice.csproj", "{5FFAB824-46FD-43EA-A56E-84E142BCC6C3}"
EndProject
Global
	GlobalSection(SolutionConfigurationPlatforms) = preSolution
		Debug|Any CPU = Debug|Any CPU
		Debug|ARM = Debug|ARM
		Debug|iPhone = Debug|iPhone
		Debug|iPhoneSimulator = Debug|iPhoneSimulator
		Debug|x64 = Debug|x64
		Debug|x86 = Debug|x86
		Release|Any CPU = Release|Any CPU
		Release|ARM = Release|ARM
		Release|iPhone = Release|iPhone
		Release|iPhoneSimulator = Release|iPhoneSimulator
		Release|x64 = Release|x64
		Release|x86 = Release|x86
	EndGlobalSection
	GlobalSection(ProjectConfigurationPlatforms) = postSolution
		{14BF1AC5-58C8-4F8A-97CA-EB36E6728520}.Debug|Any CPU.ActiveCfg = Debug|x86
		{14BF1AC5-58C8-4F8A-97CA-EB36E6728520}.Debug|Any CPU.Build.0 = Debug|x86
		{14BF1AC5-58C8-4F8A-97CA-EB36E6728520}.Debug|Any CPU.Deploy.0 = Debug|x86
		{14BF1AC5-58C8-4F8A-97CA-EB36E6728520}.Debug|ARM.ActiveCfg = Debug|ARM
		{14BF1AC5-58C8-4F8A-97CA-EB36E6728520}.Debug|ARM.Build.0 = Debug|ARM
		{14BF1AC5-58C8-4F8A-97CA-EB36E6728520}.Debug|ARM.Deploy.0 = Debug|ARM
		{14BF1AC5-58C8-4F8A-97CA-EB36E6728520}.Debug|iPhone.ActiveCfg = Debug|x86
		{14BF1AC5-58C8-4F8A-97CA-EB36E6728520}.Debug|iPhone.Build.0 = Debug|x86
		{14BF1AC5-58C8-4F8A-97CA-EB36E6728520}.Debug|iPhone.Deploy.0 = Debug|x86
		{14BF1AC5-58C8-4F8A-97CA-EB36E6728520}.Debug|iPhoneSimulator.ActiveCfg = Debug|x86
		{14BF1AC5-58C8-4F8A-97CA-EB36E6728520}.Debug|iPhoneSimulator.Build.0 = Debug|x86
		{14BF1AC5-58C8-4F8A-97CA-EB36E6728520}.Debug|iPhoneSimulator.Deploy.0 = Debug|x86
		{14BF1AC5-58C8-4F8A-97CA-EB36E6728520}.Debug|x64.ActiveCfg = Debug|x64
		{14BF1AC5-58C8-4F8A-97CA-EB36E6728520}.Debug|x64.Build.0 = Debug|x64
		{14BF1AC5-58C8-4F8A-97CA-EB36E6728520}.Debug|x64.Deploy.0 = Debug|x64
		{14BF1AC5-58C8-4F8A-97CA-EB36E6728520}.Debug|x86.ActiveCfg = Debug|x86
		{14BF1AC5-58C8-4F8A-97CA-EB36E6728520}.Debug|x86.Build.0 = Debug|x86
		{14BF1AC5-58C8-4F8A-97CA-EB36E6728520}.Debug|x86.Deploy.0 = Debug|x86
		{14BF1AC5-58C8-4F8A-97CA-EB36E6728520}.Release|Any CPU.ActiveCfg = Release|x86
		{14BF1AC5-58C8-4F8A-97CA-EB36E6728520}.Release|Any CPU.Build.0 = Release|x86
		{14BF1AC5-58C8-4F8A-97CA-EB36E6728520}.Release|Any CPU.Deploy.0 = Release|x86
		{14BF1AC5-58C8-4F8A-97CA-EB36E6728520}.Release|ARM.ActiveCfg = Release|ARM
		{14BF1AC5-58C8-4F8A-97CA-EB36E6728520}.Release|ARM.Build.0 = Release|ARM
		{14BF1AC5-58C8-4F8A-97CA-EB36E6728520}.Release|ARM.Deploy.0 = Release|ARM
		{14BF1AC5-58C8-4F8A-97CA-EB36E6728520}.Release|iPhone.ActiveCfg = Release|x86
		{14BF1AC5-58C8-4F8A-97CA-EB36E6728520}.Release|iPhone.Build.0 = Release|x86
		{14BF1AC5-58C8-4F8A-97CA-EB36E6728520}.Release|iPhone.Deploy.0 = Release|x86
		{14BF1AC5-58C8-4F8A-97CA-EB36E6728520}.Release|iPhoneSimulator.ActiveCfg = Release|x86
		{14BF1AC5-58C8-4F8A-97CA-EB36E6728520}.Release|iPhoneSimulator.Build.0 = Release|x86
		{14BF1AC5-58C8-4F8A-97CA-EB36E6728520}.Release|iPhoneSimulator.Deploy.0 = Release|x86
		{14BF1AC5-58C8-4F8A-97CA-EB36E6728520}.Release|x64.ActiveCfg = Release|x64
		{14BF1AC5-58C8-4F8A-97CA-EB36E6728520}.Release|x64.Build.0 = Release|x64
		{14BF1AC5-58C8-4F8A-97CA-EB36E6728520}.Release|x64.Deploy.0 = Release|x64
		{14BF1AC5-58C8-4F8A-97CA-EB36E6728520}.Release|x86.ActiveCfg = Release|x86
		{14BF1AC5-58C8-4F8A-97CA-EB36E6728520}.Release|x86.Build.0 = Release|x86
		{14BF1AC5-58C8-4F8A-97CA-EB36E6728520}.Release|x86.Deploy.0 = Release|x86
		{1D677D45-814C-4E0F-836F-3BF6D979774C}.Debug|Any CPU.ActiveCfg = Debug|Any CPU
		{1D677D45-814C-4E0F-836F-3BF6D979774C}.Debug|Any CPU.Build.0 = Debug|Any CPU
		{1D677D45-814C-4E0F-836F-3BF6D979774C}.Debug|Any CPU.Deploy.0 = Debug|Any CPU
		{1D677D45-814C-4E0F-836F-3BF6D979774C}.Debug|ARM.ActiveCfg = Debug|Any CPU
		{1D677D45-814C-4E0F-836F-3BF6D979774C}.Debug|ARM.Build.0 = Debug|Any CPU
		{1D677D45-814C-4E0F-836F-3BF6D979774C}.Debug|ARM.Deploy.0 = Debug|Any CPU
		{1D677D45-814C-4E0F-836F-3BF6D979774C}.Debug|iPhone.ActiveCfg = Debug|Any CPU
		{1D677D45-814C-4E0F-836F-3BF6D979774C}.Debug|iPhone.Build.0 = Debug|Any CPU
		{1D677D45-814C-4E0F-836F-3BF6D979774C}.Debug|iPhone.Deploy.0 = Debug|Any CPU
		{1D677D45-814C-4E0F-836F-3BF6D979774C}.Debug|iPhoneSimulator.ActiveCfg = Debug|Any CPU
		{1D677D45-814C-4E0F-836F-3BF6D979774C}.Debug|iPhoneSimulator.Build.0 = Debug|Any CPU
		{1D677D45-814C-4E0F-836F-3BF6D979774C}.Debug|iPhoneSimulator.Deploy.0 = Debug|Any CPU
		{1D677D45-814C-4E0F-836F-3BF6D979774C}.Debug|x64.ActiveCfg = Debug|Any CPU
		{1D677D45-814C-4E0F-836F-3BF6D979774C}.Debug|x64.Build.0 = Debug|Any CPU
		{1D677D45-814C-4E0F-836F-3BF6D979774C}.Debug|x64.Deploy.0 = Debug|Any CPU
		{1D677D45-814C-4E0F-836F-3BF6D979774C}.Debug|x86.ActiveCfg = Debug|Any CPU
		{1D677D45-814C-4E0F-836F-3BF6D979774C}.Debug|x86.Build.0 = Debug|Any CPU
		{1D677D45-814C-4E0F-836F-3BF6D979774C}.Debug|x86.Deploy.0 = Debug|Any CPU
		{1D677D45-814C-4E0F-836F-3BF6D979774C}.Release|Any CPU.ActiveCfg = Release|Any CPU
		{1D677D45-814C-4E0F-836F-3BF6D979774C}.Release|Any CPU.Build.0 = Release|Any CPU
		{1D677D45-814C-4E0F-836F-3BF6D979774C}.Release|Any CPU.Deploy.0 = Release|Any CPU
		{1D677D45-814C-4E0F-836F-3BF6D979774C}.Release|ARM.ActiveCfg = Release|Any CPU
		{1D677D45-814C-4E0F-836F-3BF6D979774C}.Release|ARM.Build.0 = Release|Any CPU
		{1D677D45-814C-4E0F-836F-3BF6D979774C}.Release|ARM.Deploy.0 = Release|Any CPU
		{1D677D45-814C-4E0F-836F-3BF6D979774C}.Release|iPhone.ActiveCfg = Release|Any CPU
		{1D677D45-814C-4E0F-836F-3BF6D979774C}.Release|iPhone.Build.0 = Release|Any CPU
		{1D677D45-814C-4E0F-836F-3BF6D979774C}.Release|iPhone.Deploy.0 = Release|Any CPU
		{1D677D45-814C-4E0F-836F-3BF6D979774C}.Release|iPhoneSimulator.ActiveCfg = Release|Any CPU
		{1D677D45-814C-4E0F-836F-3BF6D979774C}.Release|iPhoneSimulator.Build.0 = Release|Any CPU
		{1D677D45-814C-4E0F-836F-3BF6D979774C}.Release|iPhoneSimulator.Deploy.0 = Release|Any CPU
		{1D677D45-814C-4E0F-836F-3BF6D979774C}.Release|x64.ActiveCfg = Release|Any CPU
		{1D677D45-814C-4E0F-836F-3BF6D979774C}.Release|x64.Build.0 = Release|Any CPU
		{1D677D45-814C-4E0F-836F-3BF6D979774C}.Release|x64.Deploy.0 = Release|Any CPU
		{1D677D45-814C-4E0F-836F-3BF6D979774C}.Release|x86.ActiveCfg = Release|Any CPU
		{1D677D45-814C-4E0F-836F-3BF6D979774C}.Release|x86.Build.0 = Release|Any CPU
		{1D677D45-814C-4E0F-836F-3BF6D979774C}.Release|x86.Deploy.0 = Release|Any CPU
		{983003D1-4F56-4F12-A9DD-54FDB346FDF6}.Debug|Any CPU.ActiveCfg = Debug|iPhone
		{983003D1-4F56-4F12-A9DD-54FDB346FDF6}.Debug|Any CPU.Build.0 = Debug|iPhone
		{983003D1-4F56-4F12-A9DD-54FDB346FDF6}.Debug|Any CPU.Deploy.0 = Debug|iPhone
		{983003D1-4F56-4F12-A9DD-54FDB346FDF6}.Debug|ARM.ActiveCfg = Debug|iPhone
		{983003D1-4F56-4F12-A9DD-54FDB346FDF6}.Debug|ARM.Build.0 = Debug|iPhone
		{983003D1-4F56-4F12-A9DD-54FDB346FDF6}.Debug|ARM.Deploy.0 = Debug|iPhone
		{983003D1-4F56-4F12-A9DD-54FDB346FDF6}.Debug|iPhone.ActiveCfg = Debug|iPhone
		{983003D1-4F56-4F12-A9DD-54FDB346FDF6}.Debug|iPhone.Build.0 = Debug|iPhone
		{983003D1-4F56-4F12-A9DD-54FDB346FDF6}.Debug|iPhone.Deploy.0 = Debug|iPhone
		{983003D1-4F56-4F12-A9DD-54FDB346FDF6}.Debug|iPhoneSimulator.ActiveCfg = Debug|iPhoneSimulator
		{983003D1-4F56-4F12-A9DD-54FDB346FDF6}.Debug|iPhoneSimulator.Build.0 = Debug|iPhoneSimulator
		{983003D1-4F56-4F12-A9DD-54FDB346FDF6}.Debug|iPhoneSimulator.Deploy.0 = Debug|iPhoneSimulator
		{983003D1-4F56-4F12-A9DD-54FDB346FDF6}.Debug|x64.ActiveCfg = Debug|iPhone
		{983003D1-4F56-4F12-A9DD-54FDB346FDF6}.Debug|x64.Build.0 = Debug|iPhone
		{983003D1-4F56-4F12-A9DD-54FDB346FDF6}.Debug|x64.Deploy.0 = Debug|iPhone
		{983003D1-4F56-4F12-A9DD-54FDB346FDF6}.Debug|x86.ActiveCfg = Debug|iPhone
		{983003D1-4F56-4F12-A9DD-54FDB346FDF6}.Debug|x86.Build.0 = Debug|iPhone
		{983003D1-4F56-4F12-A9DD-54FDB346FDF6}.Debug|x86.Deploy.0 = Debug|iPhone
		{983003D1-4F56-4F12-A9DD-54FDB346FDF6}.Release|Any CPU.ActiveCfg = Release|iPhone
		{983003D1-4F56-4F12-A9DD-54FDB346FDF6}.Release|Any CPU.Build.0 = Release|iPhone
		{983003D1-4F56-4F12-A9DD-54FDB346FDF6}.Release|Any CPU.Deploy.0 = Release|iPhone
		{983003D1-4F56-4F12-A9DD-54FDB346FDF6}.Release|ARM.ActiveCfg = Release|iPhone
		{983003D1-4F56-4F12-A9DD-54FDB346FDF6}.Release|ARM.Build.0 = Release|iPhone
		{983003D1-4F56-4F12-A9DD-54FDB346FDF6}.Release|ARM.Deploy.0 = Release|iPhone
		{983003D1-4F56-4F12-A9DD-54FDB346FDF6}.Release|iPhone.ActiveCfg = Release|iPhone
		{983003D1-4F56-4F12-A9DD-54FDB346FDF6}.Release|iPhone.Build.0 = Release|iPhone
		{983003D1-4F56-4F12-A9DD-54FDB346FDF6}.Release|iPhone.Deploy.0 = Release|iPhone
		{983003D1-4F56-4F12-A9DD-54FDB346FDF6}.Release|iPhoneSimulator.ActiveCfg = Release|iPhoneSimulator
		{983003D1-4F56-4F12-A9DD-54FDB346FDF6}.Release|iPhoneSimulator.Build.0 = Release|iPhoneSimulator
		{983003D1-4F56-4F12-A9DD-54FDB346FDF6}.Release|iPhoneSimulator.Deploy.0 = Release|iPhoneSimulator
		{983003D1-4F56-4F12-A9DD-54FDB346FDF6}.Release|x64.ActiveCfg = Release|iPhone
		{983003D1-4F56-4F12-A9DD-54FDB346FDF6}.Release|x64.Build.0 = Release|iPhone
		{983003D1-4F56-4F12-A9DD-54FDB346FDF6}.Release|x64.Deploy.0 = Release|iPhone
		{983003D1-4F56-4F12-A9DD-54FDB346FDF6}.Release|x86.ActiveCfg = Release|iPhone
		{983003D1-4F56-4F12-A9DD-54FDB346FDF6}.Release|x86.Build.0 = Release|iPhone
		{983003D1-4F56-4F12-A9DD-54FDB346FDF6}.Release|x86.Deploy.0 = Release|iPhone
		{5FFAB824-46FD-43EA-A56E-84E142BCC6C3}.Debug|Any CPU.ActiveCfg = Debug|Any CPU
		{5FFAB824-46FD-43EA-A56E-84E142BCC6C3}.Debug|Any CPU.Build.0 = Debug|Any CPU
		{5FFAB824-46FD-43EA-A56E-84E142BCC6C3}.Debug|Any CPU.Deploy.0 = Debug|Any CPU
		{5FFAB824-46FD-43EA-A56E-84E142BCC6C3}.Debug|ARM.ActiveCfg = Debug|Any CPU
		{5FFAB824-46FD-43EA-A56E-84E142BCC6C3}.Debug|ARM.Build.0 = Debug|Any CPU
		{5FFAB824-46FD-43EA-A56E-84E142BCC6C3}.Debug|ARM.Deploy.0 = Debug|Any CPU
		{5FFAB824-46FD-43EA-A56E-84E142BCC6C3}.Debug|iPhone.ActiveCfg = Debug|Any CPU
		{5FFAB824-46FD-43EA-A56E-84E142BCC6C3}.Debug|iPhone.Build.0 = Debug|Any CPU
		{5FFAB824-46FD-43EA-A56E-84E142BCC6C3}.Debug|iPhone.Deploy.0 = Debug|Any CPU
		{5FFAB824-46FD-43EA-A56E-84E142BCC6C3}.Debug|iPhoneSimulator.ActiveCfg = Debug|Any CPU
		{5FFAB824-46FD-43EA-A56E-84E142BCC6C3}.Debug|iPhoneSimulator.Build.0 = Debug|Any CPU
		{5FFAB824-46FD-43EA-A56E-84E142BCC6C3}.Debug|iPhoneSimulator.Deploy.0 = Debug|Any CPU
		{5FFAB824-46FD-43EA-A56E-84E142BCC6C3}.Debug|x64.ActiveCfg = Debug|Any CPU
		{5FFAB824-46FD-43EA-A56E-84E142BCC6C3}.Debug|x64.Build.0 = Debug|Any CPU
		{5FFAB824-46FD-43EA-A56E-84E142BCC6C3}.Debug|x64.Deploy.0 = Debug|Any CPU
		{5FFAB824-46FD-43EA-A56E-84E142BCC6C3}.Debug|x86.ActiveCfg = Debug|Any CPU
		{5FFAB824-46FD-43EA-A56E-84E142BCC6C3}.Debug|x86.Build.0 = Debug|Any CPU
		{5FFAB824-46FD-43EA-A56E-84E142BCC6C3}.Debug|x86.Deploy.0 = Debug|Any CPU
		{5FFAB824-46FD-43EA-A56E-84E142BCC6C3}.Release|Any CPU.ActiveCfg = Release|Any CPU
		{5FFAB824-46FD-43EA-A56E-84E142BCC6C3}.Release|Any CPU.Build.0 = Release|Any CPU
		{5FFAB824-46FD-43EA-A56E-84E142BCC6C3}.Release|Any CPU.Deploy.0 = Release|Any CPU
		{5FFAB824-46FD-43EA-A56E-84E142BCC6C3}.Release|ARM.ActiveCfg = Release|Any CPU
		{5FFAB824-46FD-43EA-A56E-84E142BCC6C3}.Release|ARM.Build.0 = Release|Any CPU
		{5FFAB824-46FD-43EA-A56E-84E142BCC6C3}.Release|ARM.Deploy.0 = Release|Any CPU
		{5FFAB824-46FD-43EA-A56E-84E142BCC6C3}.Release|iPhone.ActiveCfg = Release|Any CPU
		{5FFAB824-46FD-43EA-A56E-84E142BCC6C3}.Release|iPhone.Build.0 = Release|Any CPU
		{5FFAB824-46FD-43EA-A56E-84E142BCC6C3}.Release|iPhone.Deploy.0 = Release|Any CPU
		{5FFAB824-46FD-43EA-A56E-84E142BCC6C3}.Release|iPhoneSimulator.ActiveCfg = Release|Any CPU
		{5FFAB824-46FD-43EA-A56E-84E142BCC6C3}.Release|iPhoneSimulator.Build.0 = Release|Any CPU
		{5FFAB824-46FD-43EA-A56E-84E142BCC6C3}.Release|iPhoneSimulator.Deploy.0 = Release|Any CPU
		{5FFAB824-46FD-43EA-A56E-84E142BCC6C3}.Release|x64.ActiveCfg = Release|Any CPU
		{5FFAB824-46FD-43EA-A56E-84E142BCC6C3}.Release|x64.Build.0 = Release|Any CPU
		{5FFAB824-46FD-43EA-A56E-84E142BCC6C3}.Release|x64.Deploy.0 = Release|Any CPU
		{5FFAB824-46FD-43EA-A56E-84E142BCC6C3}.Release|x86.ActiveCfg = Release|Any CPU
		{5FFAB824-46FD-43EA-A56E-84E142BCC6C3}.Release|x86.Build.0 = Release|Any CPU
		{5FFAB824-46FD-43EA-A56E-84E142BCC6C3}.Release|x86.Deploy.0 = Release|Any CPU
	EndGlobalSection
	GlobalSection(SolutionProperties) = preSolution
		HideSolutionNode = FALSE
	EndGlobalSection
	GlobalSection(ExtensibilityGlobals) = postSolution
		SolutionGuid = {764658C5-5C98-4D9D-AAF9-36ECED145CAD}
	EndGlobalSection
EndGlobal
